// !$*UTF8*$!
{
	archiveVersion = 1;
	classes = {
	};
	objectVersion = 56;
	objects = {

/* Begin PBXBuildFile section */
		1F00C62B2C0BAE81007E03EB /* RankView.swift in Sources */ = {isa = PBXBuildFile; fileRef = 1F00C62A2C0BAE81007E03EB /* RankView.swift */; };
		1F00C62D2C0C411C007E03EB /* RankListView.swift in Sources */ = {isa = PBXBuildFile; fileRef = 1F00C62C2C0C411C007E03EB /* RankListView.swift */; };
		1F969ED82C32BFC100A17637 /* Poppins-Bold.ttf in Resources */ = {isa = PBXBuildFile; fileRef = 1F969ED72C32BFC100A17637 /* Poppins-Bold.ttf */; };
		1FAFD6052C6FC34200A0CF39 /* TimerProgressBar.swift in Sources */ = {isa = PBXBuildFile; fileRef = 1FAFD6042C6FC34200A0CF39 /* TimerProgressBar.swift */; };
		1FAFD6072C70688900A0CF39 /* Measure.swift in Sources */ = {isa = PBXBuildFile; fileRef = 1FAFD6062C70688900A0CF39 /* Measure.swift */; };
		1FAFD60A2C7078CF00A0CF39 /* MeasureTimer.swift in Sources */ = {isa = PBXBuildFile; fileRef = 1FAFD6092C7078CF00A0CF39 /* MeasureTimer.swift */; };
		1FAFD60C2C708C3300A0CF39 /* Color+.swift in Sources */ = {isa = PBXBuildFile; fileRef = 1FAFD60B2C708C3300A0CF39 /* Color+.swift */; };
		1FAFD60F2C708DCB00A0CF39 /* RoundedCorner.swift in Sources */ = {isa = PBXBuildFile; fileRef = 1FAFD60E2C708DCB00A0CF39 /* RoundedCorner.swift */; };
		1FAFD6112C7092FB00A0CF39 /* RankCustomTextStyle.swift in Sources */ = {isa = PBXBuildFile; fileRef = 1FAFD6102C7092FB00A0CF39 /* RankCustomTextStyle.swift */; };
		1FAFD6132C70984D00A0CF39 /* RankListCellView.swift in Sources */ = {isa = PBXBuildFile; fileRef = 1FAFD6122C70984D00A0CF39 /* RankListCellView.swift */; };
		510A28A22C0B61F70011A9A3 /* NavigationManager.swift in Sources */ = {isa = PBXBuildFile; fileRef = 510A28A12C0B61F70011A9A3 /* NavigationManager.swift */; };
		510A28A42C0B622D0011A9A3 /* SplashView.swift in Sources */ = {isa = PBXBuildFile; fileRef = 510A28A32C0B622D0011A9A3 /* SplashView.swift */; };
		510A28A62C0B62800011A9A3 /* PlanView.swift in Sources */ = {isa = PBXBuildFile; fileRef = 510A28A52C0B62800011A9A3 /* PlanView.swift */; };
		510A28A82C0B629F0011A9A3 /* StandbyView.swift in Sources */ = {isa = PBXBuildFile; fileRef = 510A28A72C0B629F0011A9A3 /* StandbyView.swift */; };
		510A28AB2C0B62C30011A9A3 /* MainView.swift in Sources */ = {isa = PBXBuildFile; fileRef = 510A28AA2C0B62C30011A9A3 /* MainView.swift */; };
		510A28AD2C0B62DA0011A9A3 /* FinishView.swift in Sources */ = {isa = PBXBuildFile; fileRef = 510A28AC2C0B62DA0011A9A3 /* FinishView.swift */; };
		510A28B22C0B9BDB0011A9A3 /* UserDefaults+.swift in Sources */ = {isa = PBXBuildFile; fileRef = 510A28B12C0B9BDB0011A9A3 /* UserDefaults+.swift */; };
		510A39AC2C15B84600C64B49 /* Poppins-Regular.ttf in Resources */ = {isa = PBXBuildFile; fileRef = 510A39AB2C15B84600C64B49 /* Poppins-Regular.ttf */; };
		510A39B22C15B87000C64B49 /* SpoqaHanSansNeo-Thin.otf in Resources */ = {isa = PBXBuildFile; fileRef = 510A39AD2C15B86E00C64B49 /* SpoqaHanSansNeo-Thin.otf */; };
		510A39B32C15B87000C64B49 /* SpoqaHanSansNeo-Medium.otf in Resources */ = {isa = PBXBuildFile; fileRef = 510A39AE2C15B86F00C64B49 /* SpoqaHanSansNeo-Medium.otf */; };
		510A39B42C15B87000C64B49 /* SpoqaHanSansNeo-Bold.otf in Resources */ = {isa = PBXBuildFile; fileRef = 510A39AF2C15B86F00C64B49 /* SpoqaHanSansNeo-Bold.otf */; };
		510A39B52C15B87000C64B49 /* SpoqaHanSansNeo-Regular.otf in Resources */ = {isa = PBXBuildFile; fileRef = 510A39B02C15B86F00C64B49 /* SpoqaHanSansNeo-Regular.otf */; };
		510A39B62C15B87000C64B49 /* SpoqaHanSansNeo-Light.otf in Resources */ = {isa = PBXBuildFile; fileRef = 510A39B12C15B87000C64B49 /* SpoqaHanSansNeo-Light.otf */; };
		90B3004A2C22EFB000157872 /* RecordView.swift in Sources */ = {isa = PBXBuildFile; fileRef = 90B300492C22EFB000157872 /* RecordView.swift */; };
		BD3E374C2C6F38430088B15D /* AddPlayerView.swift in Sources */ = {isa = PBXBuildFile; fileRef = BD3E374B2C6F38430088B15D /* AddPlayerView.swift */; };
		BDFCE3742C0B5D02004FAFAC /* MungContestApp.swift in Sources */ = {isa = PBXBuildFile; fileRef = BDFCE3732C0B5D02004FAFAC /* MungContestApp.swift */; };
		BDFCE3762C0B5D02004FAFAC /* ContentView.swift in Sources */ = {isa = PBXBuildFile; fileRef = BDFCE3752C0B5D02004FAFAC /* ContentView.swift */; };
		BDFCE3782C0B5D03004FAFAC /* Assets.xcassets in Resources */ = {isa = PBXBuildFile; fileRef = BDFCE3772C0B5D03004FAFAC /* Assets.xcassets */; };
		BDFCE37B2C0B5D03004FAFAC /* Preview Assets.xcassets in Resources */ = {isa = PBXBuildFile; fileRef = BDFCE37A2C0B5D03004FAFAC /* Preview Assets.xcassets */; };
		BDFCE3822C0B5D29004FAFAC /* .gitignore in Resources */ = {isa = PBXBuildFile; fileRef = BDFCE3812C0B5D29004FAFAC /* .gitignore */; };
		BDFCE3852C0B6D84004FAFAC /* Player.swift in Sources */ = {isa = PBXBuildFile; fileRef = BDFCE3842C0B6D84004FAFAC /* Player.swift */; };
/* End PBXBuildFile section */

/* Begin PBXFileReference section */
		1F00C62A2C0BAE81007E03EB /* RankView.swift */ = {isa = PBXFileReference; lastKnownFileType = sourcecode.swift; path = RankView.swift; sourceTree = "<group>"; };
		1F00C62C2C0C411C007E03EB /* RankListView.swift */ = {isa = PBXFileReference; lastKnownFileType = sourcecode.swift; path = RankListView.swift; sourceTree = "<group>"; };
		1F969ED72C32BFC100A17637 /* Poppins-Bold.ttf */ = {isa = PBXFileReference; lastKnownFileType = file; path = "Poppins-Bold.ttf"; sourceTree = "<group>"; };
		1FAFD6042C6FC34200A0CF39 /* TimerProgressBar.swift */ = {isa = PBXFileReference; lastKnownFileType = sourcecode.swift; path = TimerProgressBar.swift; sourceTree = "<group>"; };
		1FAFD6062C70688900A0CF39 /* Measure.swift */ = {isa = PBXFileReference; lastKnownFileType = sourcecode.swift; path = Measure.swift; sourceTree = "<group>"; };
		1FAFD6092C7078CF00A0CF39 /* MeasureTimer.swift */ = {isa = PBXFileReference; lastKnownFileType = sourcecode.swift; path = MeasureTimer.swift; sourceTree = "<group>"; };
		1FAFD60B2C708C3300A0CF39 /* Color+.swift */ = {isa = PBXFileReference; lastKnownFileType = sourcecode.swift; path = "Color+.swift"; sourceTree = "<group>"; };
		1FAFD60E2C708DCB00A0CF39 /* RoundedCorner.swift */ = {isa = PBXFileReference; lastKnownFileType = sourcecode.swift; path = RoundedCorner.swift; sourceTree = "<group>"; };
		1FAFD6102C7092FB00A0CF39 /* RankCustomTextStyle.swift */ = {isa = PBXFileReference; lastKnownFileType = sourcecode.swift; path = RankCustomTextStyle.swift; sourceTree = "<group>"; };
		1FAFD6122C70984D00A0CF39 /* RankListCellView.swift */ = {isa = PBXFileReference; lastKnownFileType = sourcecode.swift; path = RankListCellView.swift; sourceTree = "<group>"; };
		510A28A12C0B61F70011A9A3 /* NavigationManager.swift */ = {isa = PBXFileReference; lastKnownFileType = sourcecode.swift; path = NavigationManager.swift; sourceTree = "<group>"; };
		510A28A32C0B622D0011A9A3 /* SplashView.swift */ = {isa = PBXFileReference; lastKnownFileType = sourcecode.swift; path = SplashView.swift; sourceTree = "<group>"; };
		510A28A52C0B62800011A9A3 /* PlanView.swift */ = {isa = PBXFileReference; lastKnownFileType = sourcecode.swift; path = PlanView.swift; sourceTree = "<group>"; };
		510A28A72C0B629F0011A9A3 /* StandbyView.swift */ = {isa = PBXFileReference; lastKnownFileType = sourcecode.swift; path = StandbyView.swift; sourceTree = "<group>"; };
		510A28AA2C0B62C30011A9A3 /* MainView.swift */ = {isa = PBXFileReference; lastKnownFileType = sourcecode.swift; path = MainView.swift; sourceTree = "<group>"; };
		510A28AC2C0B62DA0011A9A3 /* FinishView.swift */ = {isa = PBXFileReference; lastKnownFileType = sourcecode.swift; path = FinishView.swift; sourceTree = "<group>"; };
		510A28B12C0B9BDB0011A9A3 /* UserDefaults+.swift */ = {isa = PBXFileReference; lastKnownFileType = sourcecode.swift; path = "UserDefaults+.swift"; sourceTree = "<group>"; };
		510A39A22C1277EC00C64B49 /* Info.plist */ = {isa = PBXFileReference; lastKnownFileType = text.plist; path = Info.plist; sourceTree = "<group>"; };
		510A39AB2C15B84600C64B49 /* Poppins-Regular.ttf */ = {isa = PBXFileReference; lastKnownFileType = file; path = "Poppins-Regular.ttf"; sourceTree = "<group>"; };
		510A39AD2C15B86E00C64B49 /* SpoqaHanSansNeo-Thin.otf */ = {isa = PBXFileReference; lastKnownFileType = file; path = "SpoqaHanSansNeo-Thin.otf"; sourceTree = "<group>"; };
		510A39AE2C15B86F00C64B49 /* SpoqaHanSansNeo-Medium.otf */ = {isa = PBXFileReference; lastKnownFileType = file; path = "SpoqaHanSansNeo-Medium.otf"; sourceTree = "<group>"; };
		510A39AF2C15B86F00C64B49 /* SpoqaHanSansNeo-Bold.otf */ = {isa = PBXFileReference; lastKnownFileType = file; path = "SpoqaHanSansNeo-Bold.otf"; sourceTree = "<group>"; };
		510A39B02C15B86F00C64B49 /* SpoqaHanSansNeo-Regular.otf */ = {isa = PBXFileReference; lastKnownFileType = file; path = "SpoqaHanSansNeo-Regular.otf"; sourceTree = "<group>"; };
		510A39B12C15B87000C64B49 /* SpoqaHanSansNeo-Light.otf */ = {isa = PBXFileReference; lastKnownFileType = file; path = "SpoqaHanSansNeo-Light.otf"; sourceTree = "<group>"; };
		90B300492C22EFB000157872 /* RecordView.swift */ = {isa = PBXFileReference; lastKnownFileType = sourcecode.swift; path = RecordView.swift; sourceTree = "<group>"; };
		BD3E374B2C6F38430088B15D /* AddPlayerView.swift */ = {isa = PBXFileReference; lastKnownFileType = sourcecode.swift; path = AddPlayerView.swift; sourceTree = "<group>"; };
		BDFCE3702C0B5D02004FAFAC /* MungContest.app */ = {isa = PBXFileReference; explicitFileType = wrapper.application; includeInIndex = 0; path = MungContest.app; sourceTree = BUILT_PRODUCTS_DIR; };
		BDFCE3732C0B5D02004FAFAC /* MungContestApp.swift */ = {isa = PBXFileReference; lastKnownFileType = sourcecode.swift; path = MungContestApp.swift; sourceTree = "<group>"; };
		BDFCE3752C0B5D02004FAFAC /* ContentView.swift */ = {isa = PBXFileReference; lastKnownFileType = sourcecode.swift; path = ContentView.swift; sourceTree = "<group>"; };
		BDFCE3772C0B5D03004FAFAC /* Assets.xcassets */ = {isa = PBXFileReference; lastKnownFileType = folder.assetcatalog; path = Assets.xcassets; sourceTree = "<group>"; };
		BDFCE37A2C0B5D03004FAFAC /* Preview Assets.xcassets */ = {isa = PBXFileReference; lastKnownFileType = folder.assetcatalog; path = "Preview Assets.xcassets"; sourceTree = "<group>"; };
		BDFCE3812C0B5D29004FAFAC /* .gitignore */ = {isa = PBXFileReference; lastKnownFileType = text; path = .gitignore; sourceTree = "<group>"; };
		BDFCE3842C0B6D84004FAFAC /* Player.swift */ = {isa = PBXFileReference; lastKnownFileType = sourcecode.swift; path = Player.swift; sourceTree = "<group>"; };
/* End PBXFileReference section */

/* Begin PBXFrameworksBuildPhase section */
		BDFCE36D2C0B5D02004FAFAC /* Frameworks */ = {
			isa = PBXFrameworksBuildPhase;
			buildActionMask = 2147483647;
			files = (
			);
			runOnlyForDeploymentPostprocessing = 0;
		};
/* End PBXFrameworksBuildPhase section */

/* Begin PBXGroup section */
		1FAFD6082C7078BA00A0CF39 /* Service */ = {
			isa = PBXGroup;
			children = (
				1FAFD6092C7078CF00A0CF39 /* MeasureTimer.swift */,
			);
			path = Service;
			sourceTree = "<group>";
		};
		1FAFD60D2C708DC200A0CF39 /* Helper */ = {
			isa = PBXGroup;
			children = (
				1FAFD60E2C708DCB00A0CF39 /* RoundedCorner.swift */,
				1FAFD6102C7092FB00A0CF39 /* RankCustomTextStyle.swift */,
			);
			path = Helper;
			sourceTree = "<group>";
		};
		510A28A02C0B61D90011A9A3 /* View */ = {
			isa = PBXGroup;
			children = (
				510A28A32C0B622D0011A9A3 /* SplashView.swift */,
				BDFCE3752C0B5D02004FAFAC /* ContentView.swift */,
				510A28A52C0B62800011A9A3 /* PlanView.swift */,
				510A28A72C0B629F0011A9A3 /* StandbyView.swift */,
				BD3E374B2C6F38430088B15D /* AddPlayerView.swift */,
				1F00C62A2C0BAE81007E03EB /* RankView.swift */,
				1F00C62C2C0C411C007E03EB /* RankListView.swift */,
				1FAFD6122C70984D00A0CF39 /* RankListCellView.swift */,
				510A28AA2C0B62C30011A9A3 /* MainView.swift */,
				1FAFD6042C6FC34200A0CF39 /* TimerProgressBar.swift */,
				510A28AC2C0B62DA0011A9A3 /* FinishView.swift */,
				90B300492C22EFB000157872 /* RecordView.swift */,
			);
			path = View;
			sourceTree = "<group>";
		};
		510A28AE2C0B9B590011A9A3 /* Extensions */ = {
			isa = PBXGroup;
			children = (
				510A28B12C0B9BDB0011A9A3 /* UserDefaults+.swift */,
				1FAFD60B2C708C3300A0CF39 /* Color+.swift */,
			);
			path = Extensions;
			sourceTree = "<group>";
		};
		510A39A52C149E3300C64B49 /* Fonts */ = {
			isa = PBXGroup;
			children = (
				510A39AF2C15B86F00C64B49 /* SpoqaHanSansNeo-Bold.otf */,
				510A39B12C15B87000C64B49 /* SpoqaHanSansNeo-Light.otf */,
				510A39AE2C15B86F00C64B49 /* SpoqaHanSansNeo-Medium.otf */,
				510A39B02C15B86F00C64B49 /* SpoqaHanSansNeo-Regular.otf */,
				510A39AD2C15B86E00C64B49 /* SpoqaHanSansNeo-Thin.otf */,
				1F969ED72C32BFC100A17637 /* Poppins-Bold.ttf */,
				510A39AB2C15B84600C64B49 /* Poppins-Regular.ttf */,
			);
			path = Fonts;
			sourceTree = "<group>";
		};
		BDFCE3672C0B5D02004FAFAC = {
			isa = PBXGroup;
			children = (
				BDFCE3812C0B5D29004FAFAC /* .gitignore */,
				BDFCE3722C0B5D02004FAFAC /* MungContest */,
				BDFCE3712C0B5D02004FAFAC /* Products */,
			);
			sourceTree = "<group>";
		};
		BDFCE3712C0B5D02004FAFAC /* Products */ = {
			isa = PBXGroup;
			children = (
				BDFCE3702C0B5D02004FAFAC /* MungContest.app */,
			);
			name = Products;
			sourceTree = "<group>";
		};
		BDFCE3722C0B5D02004FAFAC /* MungContest */ = {
			isa = PBXGroup;
			children = (
				1FAFD60D2C708DC200A0CF39 /* Helper */,
				1FAFD6082C7078BA00A0CF39 /* Service */,
				510A39A52C149E3300C64B49 /* Fonts */,
				510A39A22C1277EC00C64B49 /* Info.plist */,
				510A28AE2C0B9B590011A9A3 /* Extensions */,
				BDFCE3832C0B6927004FAFAC /* Model */,
				510A28A02C0B61D90011A9A3 /* View */,
				BDFCE3732C0B5D02004FAFAC /* MungContestApp.swift */,
				510A28A12C0B61F70011A9A3 /* NavigationManager.swift */,
				BDFCE3772C0B5D03004FAFAC /* Assets.xcassets */,
				BDFCE3792C0B5D03004FAFAC /* Preview Content */,
			);
			path = MungContest;
			sourceTree = "<group>";
		};
		BDFCE3792C0B5D03004FAFAC /* Preview Content */ = {
			isa = PBXGroup;
			children = (
				BDFCE37A2C0B5D03004FAFAC /* Preview Assets.xcassets */,
			);
			path = "Preview Content";
			sourceTree = "<group>";
		};
		BDFCE3832C0B6927004FAFAC /* Model */ = {
			isa = PBXGroup;
			children = (
				BDFCE3842C0B6D84004FAFAC /* Player.swift */,
				1FAFD6062C70688900A0CF39 /* Measure.swift */,
			);
			path = Model;
			sourceTree = "<group>";
		};
/* End PBXGroup section */

/* Begin PBXNativeTarget section */
		BDFCE36F2C0B5D02004FAFAC /* MungContest */ = {
			isa = PBXNativeTarget;
			buildConfigurationList = BDFCE37E2C0B5D03004FAFAC /* Build configuration list for PBXNativeTarget "MungContest" */;
			buildPhases = (
				BDFCE36C2C0B5D02004FAFAC /* Sources */,
				BDFCE36D2C0B5D02004FAFAC /* Frameworks */,
				BDFCE36E2C0B5D02004FAFAC /* Resources */,
			);
			buildRules = (
			);
			dependencies = (
			);
			name = MungContest;
			productName = MungContest;
			productReference = BDFCE3702C0B5D02004FAFAC /* MungContest.app */;
			productType = "com.apple.product-type.application";
		};
/* End PBXNativeTarget section */

/* Begin PBXProject section */
		BDFCE3682C0B5D02004FAFAC /* Project object */ = {
			isa = PBXProject;
			attributes = {
				BuildIndependentTargetsInParallel = 1;
				LastSwiftUpdateCheck = 1520;
				LastUpgradeCheck = 1520;
				TargetAttributes = {
					BDFCE36F2C0B5D02004FAFAC = {
						CreatedOnToolsVersion = 15.2;
					};
				};
			};
			buildConfigurationList = BDFCE36B2C0B5D02004FAFAC /* Build configuration list for PBXProject "MungContest" */;
			compatibilityVersion = "Xcode 14.0";
			developmentRegion = en;
			hasScannedForEncodings = 0;
			knownRegions = (
				en,
				Base,
			);
			mainGroup = BDFCE3672C0B5D02004FAFAC;
			productRefGroup = BDFCE3712C0B5D02004FAFAC /* Products */;
			projectDirPath = "";
			projectRoot = "";
			targets = (
				BDFCE36F2C0B5D02004FAFAC /* MungContest */,
			);
		};
/* End PBXProject section */

/* Begin PBXResourcesBuildPhase section */
		BDFCE36E2C0B5D02004FAFAC /* Resources */ = {
			isa = PBXResourcesBuildPhase;
			buildActionMask = 2147483647;
			files = (
				BDFCE37B2C0B5D03004FAFAC /* Preview Assets.xcassets in Resources */,
				510A39B62C15B87000C64B49 /* SpoqaHanSansNeo-Light.otf in Resources */,
				510A39B42C15B87000C64B49 /* SpoqaHanSansNeo-Bold.otf in Resources */,
				510A39B22C15B87000C64B49 /* SpoqaHanSansNeo-Thin.otf in Resources */,
				510A39B52C15B87000C64B49 /* SpoqaHanSansNeo-Regular.otf in Resources */,
				BDFCE3822C0B5D29004FAFAC /* .gitignore in Resources */,
				BDFCE3782C0B5D03004FAFAC /* Assets.xcassets in Resources */,
				1F969ED82C32BFC100A17637 /* Poppins-Bold.ttf in Resources */,
				510A39AC2C15B84600C64B49 /* Poppins-Regular.ttf in Resources */,
				510A39B32C15B87000C64B49 /* SpoqaHanSansNeo-Medium.otf in Resources */,
			);
			runOnlyForDeploymentPostprocessing = 0;
		};
/* End PBXResourcesBuildPhase section */

/* Begin PBXSourcesBuildPhase section */
		BDFCE36C2C0B5D02004FAFAC /* Sources */ = {
			isa = PBXSourcesBuildPhase;
			buildActionMask = 2147483647;
			files = (
				1FAFD60A2C7078CF00A0CF39 /* MeasureTimer.swift in Sources */,
				BDFCE3762C0B5D02004FAFAC /* ContentView.swift in Sources */,
				BD3E374C2C6F38430088B15D /* AddPlayerView.swift in Sources */,
				510A28AB2C0B62C30011A9A3 /* MainView.swift in Sources */,
				1FAFD60C2C708C3300A0CF39 /* Color+.swift in Sources */,
				1FAFD6072C70688900A0CF39 /* Measure.swift in Sources */,
				510A28B22C0B9BDB0011A9A3 /* UserDefaults+.swift in Sources */,
				90B3004A2C22EFB000157872 /* RecordView.swift in Sources */,
				510A28A42C0B622D0011A9A3 /* SplashView.swift in Sources */,
				1FAFD6132C70984D00A0CF39 /* RankListCellView.swift in Sources */,
				BDFCE3742C0B5D02004FAFAC /* MungContestApp.swift in Sources */,
				1F00C62D2C0C411C007E03EB /* RankListView.swift in Sources */,
				510A28A22C0B61F70011A9A3 /* NavigationManager.swift in Sources */,
				510A28A82C0B629F0011A9A3 /* StandbyView.swift in Sources */,
				1FAFD60F2C708DCB00A0CF39 /* RoundedCorner.swift in Sources */,
				1F00C62B2C0BAE81007E03EB /* RankView.swift in Sources */,
				1FAFD6052C6FC34200A0CF39 /* TimerProgressBar.swift in Sources */,
				510A28A62C0B62800011A9A3 /* PlanView.swift in Sources */,
				BDFCE3852C0B6D84004FAFAC /* Player.swift in Sources */,
				1FAFD6112C7092FB00A0CF39 /* RankCustomTextStyle.swift in Sources */,
				510A28AD2C0B62DA0011A9A3 /* FinishView.swift in Sources */,
			);
			runOnlyForDeploymentPostprocessing = 0;
		};
/* End PBXSourcesBuildPhase section */

/* Begin XCBuildConfiguration section */
		BDFCE37C2C0B5D03004FAFAC /* Debug */ = {
			isa = XCBuildConfiguration;
			buildSettings = {
				ALWAYS_SEARCH_USER_PATHS = NO;
				ASSETCATALOG_COMPILER_GENERATE_SWIFT_ASSET_SYMBOL_EXTENSIONS = YES;
				CLANG_ANALYZER_NONNULL = YES;
				CLANG_ANALYZER_NUMBER_OBJECT_CONVERSION = YES_AGGRESSIVE;
				CLANG_CXX_LANGUAGE_STANDARD = "gnu++20";
				CLANG_ENABLE_MODULES = YES;
				CLANG_ENABLE_OBJC_ARC = YES;
				CLANG_ENABLE_OBJC_WEAK = YES;
				CLANG_WARN_BLOCK_CAPTURE_AUTORELEASING = YES;
				CLANG_WARN_BOOL_CONVERSION = YES;
				CLANG_WARN_COMMA = YES;
				CLANG_WARN_CONSTANT_CONVERSION = YES;
				CLANG_WARN_DEPRECATED_OBJC_IMPLEMENTATIONS = YES;
				CLANG_WARN_DIRECT_OBJC_ISA_USAGE = YES_ERROR;
				CLANG_WARN_DOCUMENTATION_COMMENTS = YES;
				CLANG_WARN_EMPTY_BODY = YES;
				CLANG_WARN_ENUM_CONVERSION = YES;
				CLANG_WARN_INFINITE_RECURSION = YES;
				CLANG_WARN_INT_CONVERSION = YES;
				CLANG_WARN_NON_LITERAL_NULL_CONVERSION = YES;
				CLANG_WARN_OBJC_IMPLICIT_RETAIN_SELF = YES;
				CLANG_WARN_OBJC_LITERAL_CONVERSION = YES;
				CLANG_WARN_OBJC_ROOT_CLASS = YES_ERROR;
				CLANG_WARN_QUOTED_INCLUDE_IN_FRAMEWORK_HEADER = YES;
				CLANG_WARN_RANGE_LOOP_ANALYSIS = YES;
				CLANG_WARN_STRICT_PROTOTYPES = YES;
				CLANG_WARN_SUSPICIOUS_MOVE = YES;
				CLANG_WARN_UNGUARDED_AVAILABILITY = YES_AGGRESSIVE;
				CLANG_WARN_UNREACHABLE_CODE = YES;
				CLANG_WARN__DUPLICATE_METHOD_MATCH = YES;
				COPY_PHASE_STRIP = NO;
				DEBUG_INFORMATION_FORMAT = dwarf;
				ENABLE_STRICT_OBJC_MSGSEND = YES;
				ENABLE_TESTABILITY = YES;
				ENABLE_USER_SCRIPT_SANDBOXING = YES;
				GCC_C_LANGUAGE_STANDARD = gnu17;
				GCC_DYNAMIC_NO_PIC = NO;
				GCC_NO_COMMON_BLOCKS = YES;
				GCC_OPTIMIZATION_LEVEL = 0;
				GCC_PREPROCESSOR_DEFINITIONS = (
					"DEBUG=1",
					"$(inherited)",
				);
				GCC_WARN_64_TO_32_BIT_CONVERSION = YES;
				GCC_WARN_ABOUT_RETURN_TYPE = YES_ERROR;
				GCC_WARN_UNDECLARED_SELECTOR = YES;
				GCC_WARN_UNINITIALIZED_AUTOS = YES_AGGRESSIVE;
				GCC_WARN_UNUSED_FUNCTION = YES;
				GCC_WARN_UNUSED_VARIABLE = YES;
				IPHONEOS_DEPLOYMENT_TARGET = 17.2;
				LOCALIZATION_PREFERS_STRING_CATALOGS = YES;
				MTL_ENABLE_DEBUG_INFO = INCLUDE_SOURCE;
				MTL_FAST_MATH = YES;
				ONLY_ACTIVE_ARCH = YES;
				SDKROOT = iphoneos;
				SWIFT_ACTIVE_COMPILATION_CONDITIONS = "DEBUG $(inherited)";
				SWIFT_OPTIMIZATION_LEVEL = "-Onone";
			};
			name = Debug;
		};
		BDFCE37D2C0B5D03004FAFAC /* Release */ = {
			isa = XCBuildConfiguration;
			buildSettings = {
				ALWAYS_SEARCH_USER_PATHS = NO;
				ASSETCATALOG_COMPILER_GENERATE_SWIFT_ASSET_SYMBOL_EXTENSIONS = YES;
				CLANG_ANALYZER_NONNULL = YES;
				CLANG_ANALYZER_NUMBER_OBJECT_CONVERSION = YES_AGGRESSIVE;
				CLANG_CXX_LANGUAGE_STANDARD = "gnu++20";
				CLANG_ENABLE_MODULES = YES;
				CLANG_ENABLE_OBJC_ARC = YES;
				CLANG_ENABLE_OBJC_WEAK = YES;
				CLANG_WARN_BLOCK_CAPTURE_AUTORELEASING = YES;
				CLANG_WARN_BOOL_CONVERSION = YES;
				CLANG_WARN_COMMA = YES;
				CLANG_WARN_CONSTANT_CONVERSION = YES;
				CLANG_WARN_DEPRECATED_OBJC_IMPLEMENTATIONS = YES;
				CLANG_WARN_DIRECT_OBJC_ISA_USAGE = YES_ERROR;
				CLANG_WARN_DOCUMENTATION_COMMENTS = YES;
				CLANG_WARN_EMPTY_BODY = YES;
				CLANG_WARN_ENUM_CONVERSION = YES;
				CLANG_WARN_INFINITE_RECURSION = YES;
				CLANG_WARN_INT_CONVERSION = YES;
				CLANG_WARN_NON_LITERAL_NULL_CONVERSION = YES;
				CLANG_WARN_OBJC_IMPLICIT_RETAIN_SELF = YES;
				CLANG_WARN_OBJC_LITERAL_CONVERSION = YES;
				CLANG_WARN_OBJC_ROOT_CLASS = YES_ERROR;
				CLANG_WARN_QUOTED_INCLUDE_IN_FRAMEWORK_HEADER = YES;
				CLANG_WARN_RANGE_LOOP_ANALYSIS = YES;
				CLANG_WARN_STRICT_PROTOTYPES = YES;
				CLANG_WARN_SUSPICIOUS_MOVE = YES;
				CLANG_WARN_UNGUARDED_AVAILABILITY = YES_AGGRESSIVE;
				CLANG_WARN_UNREACHABLE_CODE = YES;
				CLANG_WARN__DUPLICATE_METHOD_MATCH = YES;
				COPY_PHASE_STRIP = NO;
				DEBUG_INFORMATION_FORMAT = "dwarf-with-dsym";
				ENABLE_NS_ASSERTIONS = NO;
				ENABLE_STRICT_OBJC_MSGSEND = YES;
				ENABLE_USER_SCRIPT_SANDBOXING = YES;
				GCC_C_LANGUAGE_STANDARD = gnu17;
				GCC_NO_COMMON_BLOCKS = YES;
				GCC_WARN_64_TO_32_BIT_CONVERSION = YES;
				GCC_WARN_ABOUT_RETURN_TYPE = YES_ERROR;
				GCC_WARN_UNDECLARED_SELECTOR = YES;
				GCC_WARN_UNINITIALIZED_AUTOS = YES_AGGRESSIVE;
				GCC_WARN_UNUSED_FUNCTION = YES;
				GCC_WARN_UNUSED_VARIABLE = YES;
				IPHONEOS_DEPLOYMENT_TARGET = 17.2;
				LOCALIZATION_PREFERS_STRING_CATALOGS = YES;
				MTL_ENABLE_DEBUG_INFO = NO;
				MTL_FAST_MATH = YES;
				SDKROOT = iphoneos;
				SWIFT_COMPILATION_MODE = wholemodule;
				VALIDATE_PRODUCT = YES;
			};
			name = Release;
		};
		BDFCE37F2C0B5D03004FAFAC /* Debug */ = {
			isa = XCBuildConfiguration;
			buildSettings = {
				ASSETCATALOG_COMPILER_APPICON_NAME = AppIcon;
				ASSETCATALOG_COMPILER_GLOBAL_ACCENT_COLOR_NAME = AccentColor;
				CODE_SIGN_STYLE = Automatic;
				CURRENT_PROJECT_VERSION = 1;
				DEVELOPMENT_ASSET_PATHS = "\"MungContest/Preview Content\"";
				DEVELOPMENT_TEAM = WTK65UP9RZ;
				ENABLE_PREVIEWS = YES;
				GENERATE_INFOPLIST_FILE = YES;
				INFOPLIST_FILE = MungContest/Info.plist;
				INFOPLIST_KEY_LSApplicationCategoryType = "";
				INFOPLIST_KEY_NSFileProviderDomainUsageDescription = "CSV 파일 접근권한";
				INFOPLIST_KEY_UIApplicationSceneManifest_Generation = YES;
				INFOPLIST_KEY_UIApplicationSupportsIndirectInputEvents = YES;
				INFOPLIST_KEY_UILaunchScreen_Generation = YES;
				INFOPLIST_KEY_UISupportedInterfaceOrientations_iPad = "UIInterfaceOrientationPortrait UIInterfaceOrientationPortraitUpsideDown UIInterfaceOrientationLandscapeLeft UIInterfaceOrientationLandscapeRight";
				INFOPLIST_KEY_UISupportedInterfaceOrientations_iPhone = "UIInterfaceOrientationPortrait UIInterfaceOrientationLandscapeLeft UIInterfaceOrientationLandscapeRight";
				LD_RUNPATH_SEARCH_PATHS = (
					"$(inherited)",
					"@executable_path/Frameworks",
				);
				MARKETING_VERSION = 1.0;
				PRODUCT_BUNDLE_IDENTIFIER = com.YangEunNamBi.MungContest;
				PRODUCT_NAME = "$(TARGET_NAME)";
				SUPPORTED_PLATFORMS = "iphoneos iphonesimulator";
				SUPPORTS_MACCATALYST = NO;
				SUPPORTS_MAC_DESIGNED_FOR_IPHONE_IPAD = NO;
				SUPPORTS_XR_DESIGNED_FOR_IPHONE_IPAD = NO;
				SWIFT_EMIT_LOC_STRINGS = YES;
				SWIFT_VERSION = 5.0;
				TARGETED_DEVICE_FAMILY = 2;
			};
			name = Debug;
		};
		BDFCE3802C0B5D03004FAFAC /* Release */ = {
			isa = XCBuildConfiguration;
			buildSettings = {
				ASSETCATALOG_COMPILER_APPICON_NAME = AppIcon;
				ASSETCATALOG_COMPILER_GLOBAL_ACCENT_COLOR_NAME = AccentColor;
				CODE_SIGN_STYLE = Automatic;
				CURRENT_PROJECT_VERSION = 1;
				DEVELOPMENT_ASSET_PATHS = "\"MungContest/Preview Content\"";
				DEVELOPMENT_TEAM = WTK65UP9RZ;
				ENABLE_PREVIEWS = YES;
				GENERATE_INFOPLIST_FILE = YES;
				INFOPLIST_FILE = MungContest/Info.plist;
				INFOPLIST_KEY_LSApplicationCategoryType = "";
				INFOPLIST_KEY_NSFileProviderDomainUsageDescription = "CSV 파일 접근권한";
				INFOPLIST_KEY_UIApplicationSceneManifest_Generation = YES;
				INFOPLIST_KEY_UIApplicationSupportsIndirectInputEvents = YES;
				INFOPLIST_KEY_UILaunchScreen_Generation = YES;
				INFOPLIST_KEY_UISupportedInterfaceOrientations_iPad = "UIInterfaceOrientationPortrait UIInterfaceOrientationPortraitUpsideDown UIInterfaceOrientationLandscapeLeft UIInterfaceOrientationLandscapeRight";
				INFOPLIST_KEY_UISupportedInterfaceOrientations_iPhone = "UIInterfaceOrientationPortrait UIInterfaceOrientationLandscapeLeft UIInterfaceOrientationLandscapeRight";
				LD_RUNPATH_SEARCH_PATHS = (
					"$(inherited)",
					"@executable_path/Frameworks",
				);
				MARKETING_VERSION = 1.0;
				PRODUCT_BUNDLE_IDENTIFIER = com.YangEunNamBi.MungContest;
				PRODUCT_NAME = "$(TARGET_NAME)";
				SUPPORTED_PLATFORMS = "iphoneos iphonesimulator";
				SUPPORTS_MACCATALYST = NO;
				SUPPORTS_MAC_DESIGNED_FOR_IPHONE_IPAD = NO;
				SUPPORTS_XR_DESIGNED_FOR_IPHONE_IPAD = NO;
				SWIFT_EMIT_LOC_STRINGS = YES;
				SWIFT_VERSION = 5.0;
				TARGETED_DEVICE_FAMILY = 2;
			};
			name = Release;
		};
/* End XCBuildConfiguration section */

/* Begin XCConfigurationList section */
		BDFCE36B2C0B5D02004FAFAC /* Build configuration list for PBXProject "MungContest" */ = {
			isa = XCConfigurationList;
			buildConfigurations = (
				BDFCE37C2C0B5D03004FAFAC /* Debug */,
				BDFCE37D2C0B5D03004FAFAC /* Release */,
			);
			defaultConfigurationIsVisible = 0;
			defaultConfigurationName = Release;
		};
		BDFCE37E2C0B5D03004FAFAC /* Build configuration list for PBXNativeTarget "MungContest" */ = {
			isa = XCConfigurationList;
			buildConfigurations = (
				BDFCE37F2C0B5D03004FAFAC /* Debug */,
				BDFCE3802C0B5D03004FAFAC /* Release */,
			);
			defaultConfigurationIsVisible = 0;
			defaultConfigurationName = Release;
		};
/* End XCConfigurationList section */
	};
	rootObject = BDFCE3682C0B5D02004FAFAC /* Project object */;
}
